# THIS IS AN AUTOGENERATED FILE. DO NOT EDIT THIS FILE DIRECTLY.
# yarn lockfile v1


"@actions/core@^1.2.0":
  version "1.2.0"
  resolved "https://registry.yarnpkg.com/@actions/core/-/core-1.2.0.tgz#aa5f52b26c362c821d41557e599371a42f6c0b3d"
  integrity sha512-ZKdyhlSlyz38S6YFfPnyNgCDZuAF2T0Qv5eHflNWytPS8Qjvz39bZFMry9Bb/dpSnqWcNeav5yM2CTYpJeY+Dw==

"@types/node@^12.12.7":
  version "12.12.7"
  resolved "https://registry.yarnpkg.com/@types/node/-/node-12.12.7.tgz#01e4ea724d9e3bd50d90c11fd5980ba317d8fa11"
  integrity sha512-E6Zn0rffhgd130zbCbAr/JdXfXkoOUFAKNs/rF8qnafSJ8KYaA/j3oz7dcwal+lYjLA7xvdd5J4wdYpCTlP8+w==

"@types/semver@^6.2.0":
  version "6.2.0"
  resolved "https://registry.yarnpkg.com/@types/semver/-/semver-6.2.0.tgz#d688d574400d96c5b0114968705366f431831e1a"
  integrity sha512-1OzrNb4RuAzIT7wHSsgZRlMBlNsJl+do6UblR7JMW4oB7bbR+uBEYtUh7gEc/jM84GGilh68lSOokyM/zNUlBA==

semver@^6.3.0:
  version "6.3.0"
  resolved "https://registry.yarnpkg.com/semver/-/semver-6.3.0.tgz#ee0a64c8af5e8ceea67687b133761e1becbd1d3d"
  integrity sha512-b39TBaTSfV6yBrapU89p5fKekE2m/NwnDocOVruQFS1/veMgdzuPcnOM34M6CwxW8jH/lxEa5rBoDeUwu5HHTw==

tunnel@0.0.4:
  version "0.0.4"
  resolved "https://registry.yarnpkg.com/tunnel/-/tunnel-0.0.4.tgz#2d3785a158c174c9a16dc2c046ec5fc5f1742213"
  integrity sha1-LTeFoVjBdMmhbcLARuxfxfF0IhM=

typed-rest-client@^1.5.0:
  version "1.5.0"
  resolved "https://registry.yarnpkg.com/typed-rest-client/-/typed-rest-client-1.5.0.tgz#c0dda6e775b942fd46a2d99f2160a94953206fc2"
  integrity sha512-DVZRlmsfnTjp6ZJaatcdyvvwYwbWvR4YDNFDqb+qdTxpvaVP99YCpBkA8rxsLtAPjBVoDe4fNsnMIdZTiPuKWg==
  dependencies:
    tunnel "0.0.4"
    underscore "1.8.3"

typescript@^3.7.2:
  version "3.7.2"
  resolved "https://registry.yarnpkg.com/typescript/-/typescript-3.7.2.tgz#27e489b95fa5909445e9fef5ee48d81697ad18fb"
  integrity sha512-ml7V7JfiN2Xwvcer+XAf2csGO1bPBdRbFCkYBczNZggrBZ9c7G3riSUeJmqEU5uOtXNPMhE3n+R4FA/3YOAWOQ==

underscore@1.8.3:
  version "1.8.3"
  resolved "https://registry.yarnpkg.com/underscore/-/underscore-1.8.3.tgz#4f3fb53b106e6097fcf9cb4109f2a5e9bdfa5022"
  integrity sha1-Tz+1OxBuYJf8+ctBCfKl6b36UCI=
